# This is a Gradle generated file for dependency locking.
# Manual edits can break the build and are not advised.
# This file is expected to be part of source control.
ch.qos.logback:logback-classic:1.5.18=compileClasspath,productionRuntimeClasspath,runtimeClasspath,testCompileClasspath,testRuntimeClasspath
ch.qos.logback:logback-core:1.5.18=compileClasspath,productionRuntimeClasspath,runtimeClasspath,testCompileClasspath,testRuntimeClasspath
com.fasterxml.jackson.core:jackson-annotations:2.19.2=compileClasspath,productionRuntimeClasspath,runtimeClasspath,testCompileClasspath,testRuntimeClasspath
com.fasterxml.jackson.core:jackson-core:2.19.2=compileClasspath,productionRuntimeClasspath,runtimeClasspath,testCompileClasspath,testRuntimeClasspath
com.fasterxml.jackson.core:jackson-databind:2.19.2=compileClasspath,productionRuntimeClasspath,runtimeClasspath,testCompileClasspath,testRuntimeClasspath
com.fasterxml.jackson.dataformat:jackson-dataformat-toml:2.19.2=compileClasspath,productionRuntimeClasspath,runtimeClasspath,testCompileClasspath,testRuntimeClasspath
com.fasterxml.jackson.dataformat:jackson-dataformat-yaml:2.19.2=compileClasspath,productionRuntimeClasspath,runtimeClasspath,testCompileClasspath,testRuntimeClasspath
com.fasterxml.jackson.datatype:jackson-datatype-jdk8:2.19.2=compileClasspath,productionRuntimeClasspath,runtimeClasspath,testCompileClasspath,testRuntimeClasspath
com.fasterxml.jackson.datatype:jackson-datatype-jsr310:2.19.2=compileClasspath,productionRuntimeClasspath,runtimeClasspath,testCompileClasspath,testRuntimeClasspath
com.fasterxml.jackson.module:jackson-module-parameter-names:2.19.2=compileClasspath,productionRuntimeClasspath,runtimeClasspath,testCompileClasspath,testRuntimeClasspath
com.fasterxml.jackson:jackson-bom:2.19.2=compileClasspath,productionRuntimeClasspath,runtimeClasspath,testCompileClasspath,testRuntimeClasspath
com.fasterxml:classmate:1.7.0=compileClasspath,productionRuntimeClasspath,runtimeClasspath,testCompileClasspath,testRuntimeClasspath
com.github.docker-java:docker-java-api:3.4.0=testCompileClasspath,testRuntimeClasspath
com.github.docker-java:docker-java-core:3.4.0=testCompileClasspath,testRuntimeClasspath
com.github.docker-java:docker-java-transport-httpclient5:3.4.0=testCompileClasspath,testRuntimeClasspath
com.github.docker-java:docker-java-transport-zerodep:3.4.0=testCompileClasspath,testRuntimeClasspath
com.github.docker-java:docker-java-transport:3.4.0=testCompileClasspath,testRuntimeClasspath
com.github.docker-java:docker-java:3.4.0=testCompileClasspath,testRuntimeClasspath
com.github.javaparser:javaparser-core:3.26.4=compileClasspath,productionRuntimeClasspath,runtimeClasspath,testCompileClasspath,testRuntimeClasspath
com.github.javaparser:javaparser-symbol-solver-core:3.26.4=compileClasspath,productionRuntimeClasspath,runtimeClasspath,testCompileClasspath,testRuntimeClasspath
com.github.oshi:oshi-core:6.6.5=compileClasspath,productionRuntimeClasspath,runtimeClasspath,testCompileClasspath,testRuntimeClasspath
com.google.auto.service:auto-service-annotations:1.1.1=testCompileClasspath,testRuntimeClasspath
com.google.code.findbugs:jsr305:3.0.2=compileClasspath,productionRuntimeClasspath,runtimeClasspath,testCompileClasspath,testRuntimeClasspath
com.google.code.gson:gson:2.13.1=testCompileClasspath,testRuntimeClasspath
com.google.errorprone:error_prone_annotations:2.38.0=compileClasspath,productionRuntimeClasspath,runtimeClasspath,testCompileClasspath,testRuntimeClasspath
com.google.guava:failureaccess:1.0.2=compileClasspath,productionRuntimeClasspath,runtimeClasspath,testCompileClasspath,testRuntimeClasspath
com.google.guava:guava:33.0.0-jre=compileClasspath,productionRuntimeClasspath,runtimeClasspath,testCompileClasspath,testRuntimeClasspath
com.google.guava:listenablefuture:9999.0-empty-to-avoid-conflict-with-guava=compileClasspath,productionRuntimeClasspath,runtimeClasspath,testCompileClasspath,testRuntimeClasspath
com.google.j2objc:j2objc-annotations:2.8=compileClasspath,testCompileClasspath
com.h2database:h2:2.3.232=productionRuntimeClasspath,runtimeClasspath,testRuntimeClasspath
com.helger.commons:ph-commons:11.2.0=compileClasspath,productionRuntimeClasspath,runtimeClasspath,testCompileClasspath,testRuntimeClasspath
com.helger:ph-css:7.0.4=compileClasspath,productionRuntimeClasspath,runtimeClasspath,testCompileClasspath,testRuntimeClasspath
com.jayway.jsonpath:json-path:2.9.0=testCompileClasspath,testRuntimeClasspath
com.nimbusds:nimbus-jose-jwt:9.37.3=compileClasspath,productionRuntimeClasspath,runtimeClasspath,testCompileClasspath,testRuntimeClasspath
com.sun.istack:istack-commons-runtime:4.1.2=productionRuntimeClasspath,runtimeClasspath,testRuntimeClasspath
com.vaadin.external.atmosphere:atmosphere-runtime:3.0.5.slf4jvaadin1=compileClasspath,productionRuntimeClasspath,runtimeClasspath,testCompileClasspath,testRuntimeClasspath
com.vaadin.external.google:android-json:0.0.20131108.vaadin1=compileClasspath,productionRuntimeClasspath,runtimeClasspath,testCompileClasspath,testRuntimeClasspath
com.vaadin.external.gwt:gwt-elemental:2.8.2.vaadin2=compileClasspath,productionRuntimeClasspath,runtimeClasspath,testCompileClasspath,testRuntimeClasspath
com.vaadin.external:gentyref:1.2.0.vaadin1=compileClasspath,productionRuntimeClasspath,runtimeClasspath,testCompileClasspath,testRuntimeClasspath
com.vaadin.servletdetector:throw-if-servlet3:1.0.2=compileClasspath,productionRuntimeClasspath,runtimeClasspath,testCompileClasspath,testRuntimeClasspath
com.vaadin:collaboration-engine:6.4.0=compileClasspath,productionRuntimeClasspath,runtimeClasspath,testCompileClasspath,testRuntimeClasspath
com.vaadin:copilot:24.7.3=compileClasspath,productionRuntimeClasspath,runtimeClasspath,testCompileClasspath,testRuntimeClasspath
com.vaadin:flow-client:24.7.5=compileClasspath,productionRuntimeClasspath,runtimeClasspath,testCompileClasspath,testRuntimeClasspath
com.vaadin:flow-data:24.7.5=compileClasspath,productionRuntimeClasspath,runtimeClasspath,testCompileClasspath,testRuntimeClasspath
com.vaadin:flow-dnd:24.7.5=compileClasspath,productionRuntimeClasspath,runtimeClasspath,testCompileClasspath,testRuntimeClasspath
com.vaadin:flow-html-components-testbench:24.7.5=testCompileClasspath,testRuntimeClasspath
com.vaadin:flow-html-components:24.7.5=compileClasspath,productionRuntimeClasspath,runtimeClasspath,testCompileClasspath,testRuntimeClasspath
com.vaadin:flow-lit-template:24.7.5=compileClasspath,productionRuntimeClasspath,runtimeClasspath,testCompileClasspath,testRuntimeClasspath
com.vaadin:flow-push:24.7.5=compileClasspath,productionRuntimeClasspath,runtimeClasspath,testCompileClasspath,testRuntimeClasspath
com.vaadin:flow-react:24.7.5=compileClasspath,productionRuntimeClasspath,runtimeClasspath,testCompileClasspath,testRuntimeClasspath
com.vaadin:flow-server:24.7.5=compileClasspath,productionRuntimeClasspath,runtimeClasspath,testCompileClasspath,testRuntimeClasspath
com.vaadin:hilla-dev:24.7.3=compileClasspath,productionRuntimeClasspath,runtimeClasspath,testCompileClasspath,testRuntimeClasspath
com.vaadin:hilla-endpoint:24.7.3=compileClasspath,productionRuntimeClasspath,runtimeClasspath,testCompileClasspath,testRuntimeClasspath
com.vaadin:hilla-engine-core:24.7.3=compileClasspath,productionRuntimeClasspath,runtimeClasspath,testCompileClasspath,testRuntimeClasspath
com.vaadin:hilla-engine-runtime:24.7.3=compileClasspath,productionRuntimeClasspath,runtimeClasspath,testCompileClasspath,testRuntimeClasspath
com.vaadin:hilla-parser-jvm-core:24.7.3=compileClasspath,productionRuntimeClasspath,runtimeClasspath,testCompileClasspath,testRuntimeClasspath
com.vaadin:hilla-parser-jvm-plugin-backbone:24.7.3=compileClasspath,productionRuntimeClasspath,runtimeClasspath,testCompileClasspath,testRuntimeClasspath
com.vaadin:hilla-parser-jvm-plugin-model:24.7.3=compileClasspath,productionRuntimeClasspath,runtimeClasspath,testCompileClasspath,testRuntimeClasspath
com.vaadin:hilla-parser-jvm-plugin-nonnull:24.7.3=compileClasspath,productionRuntimeClasspath,runtimeClasspath,testCompileClasspath,testRuntimeClasspath
com.vaadin:hilla-parser-jvm-plugin-subtypes:24.7.3=compileClasspath,productionRuntimeClasspath,runtimeClasspath,testCompileClasspath,testRuntimeClasspath
com.vaadin:hilla-parser-jvm-plugin-transfertypes:24.7.3=compileClasspath,productionRuntimeClasspath,runtimeClasspath,testCompileClasspath,testRuntimeClasspath
com.vaadin:hilla-parser-jvm-utils:24.7.3=compileClasspath,productionRuntimeClasspath,runtimeClasspath,testCompileClasspath,testRuntimeClasspath
com.vaadin:hilla-runtime-plugin-transfertypes:24.7.3=compileClasspath,productionRuntimeClasspath,runtimeClasspath,testCompileClasspath,testRuntimeClasspath
com.vaadin:hilla:24.7.3=compileClasspath,productionRuntimeClasspath,runtimeClasspath,testCompileClasspath,testRuntimeClasspath
com.vaadin:license-checker:1.13.4=compileClasspath,productionRuntimeClasspath,runtimeClasspath,testCompileClasspath,testRuntimeClasspath
com.vaadin:open:8.5.0.4=compileClasspath,productionRuntimeClasspath,runtimeClasspath,testCompileClasspath,testRuntimeClasspath
com.vaadin:ui-tests:1.1.1=compileClasspath,productionRuntimeClasspath,runtimeClasspath,testCompileClasspath,testRuntimeClasspath
com.vaadin:vaadin-accordion-flow:24.7.3=compileClasspath,productionRuntimeClasspath,runtimeClasspath,testCompileClasspath,testRuntimeClasspath
com.vaadin:vaadin-accordion-testbench:24.7.3=testCompileClasspath,testRuntimeClasspath
com.vaadin:vaadin-app-layout-flow:24.7.3=compileClasspath,productionRuntimeClasspath,runtimeClasspath,testCompileClasspath,testRuntimeClasspath
com.vaadin:vaadin-app-layout-testbench:24.7.3=testCompileClasspath,testRuntimeClasspath
com.vaadin:vaadin-avatar-flow:24.7.3=compileClasspath,productionRuntimeClasspath,runtimeClasspath,testCompileClasspath,testRuntimeClasspath
com.vaadin:vaadin-avatar-testbench:24.7.3=testCompileClasspath,testRuntimeClasspath
com.vaadin:vaadin-board-flow:24.7.3=compileClasspath,productionRuntimeClasspath,runtimeClasspath,testCompileClasspath,testRuntimeClasspath
com.vaadin:vaadin-board-testbench:24.7.3=testCompileClasspath,testRuntimeClasspath
com.vaadin:vaadin-button-flow:24.7.3=compileClasspath,productionRuntimeClasspath,runtimeClasspath,testCompileClasspath,testRuntimeClasspath
com.vaadin:vaadin-button-testbench:24.7.3=testCompileClasspath,testRuntimeClasspath
com.vaadin:vaadin-card-flow:24.7.3=compileClasspath,productionRuntimeClasspath,runtimeClasspath,testCompileClasspath,testRuntimeClasspath
com.vaadin:vaadin-card-testbench:24.7.3=testCompileClasspath,testRuntimeClasspath
com.vaadin:vaadin-charts-flow:24.7.3=compileClasspath,productionRuntimeClasspath,runtimeClasspath,testCompileClasspath,testRuntimeClasspath
com.vaadin:vaadin-charts-testbench:24.7.3=testCompileClasspath,testRuntimeClasspath
com.vaadin:vaadin-checkbox-flow:24.7.3=compileClasspath,productionRuntimeClasspath,runtimeClasspath,testCompileClasspath,testRuntimeClasspath
com.vaadin:vaadin-checkbox-testbench:24.7.3=testCompileClasspath,testRuntimeClasspath
com.vaadin:vaadin-combo-box-flow:24.7.3=compileClasspath,productionRuntimeClasspath,runtimeClasspath,testCompileClasspath,testRuntimeClasspath
com.vaadin:vaadin-combo-box-testbench:24.7.3=testCompileClasspath,testRuntimeClasspath
com.vaadin:vaadin-confirm-dialog-flow:24.7.3=compileClasspath,productionRuntimeClasspath,runtimeClasspath,testCompileClasspath,testRuntimeClasspath
com.vaadin:vaadin-confirm-dialog-testbench:24.7.3=testCompileClasspath,testRuntimeClasspath
com.vaadin:vaadin-context-menu-flow:24.7.3=compileClasspath,productionRuntimeClasspath,runtimeClasspath,testCompileClasspath,testRuntimeClasspath
com.vaadin:vaadin-context-menu-testbench:24.7.3=testCompileClasspath,testRuntimeClasspath
com.vaadin:vaadin-cookie-consent-flow:24.7.3=compileClasspath,productionRuntimeClasspath,runtimeClasspath,testCompileClasspath,testRuntimeClasspath
com.vaadin:vaadin-cookie-consent-testbench:24.7.3=testCompileClasspath,testRuntimeClasspath
com.vaadin:vaadin-core-components:24.7.3=compileClasspath,productionRuntimeClasspath,runtimeClasspath,testCompileClasspath,testRuntimeClasspath
com.vaadin:vaadin-core-internal:24.7.3=compileClasspath,productionRuntimeClasspath,runtimeClasspath,testCompileClasspath,testRuntimeClasspath
com.vaadin:vaadin-core:24.7.3=compileClasspath,productionRuntimeClasspath,runtimeClasspath,testCompileClasspath,testRuntimeClasspath
com.vaadin:vaadin-crud-flow:24.7.3=compileClasspath,productionRuntimeClasspath,runtimeClasspath,testCompileClasspath,testRuntimeClasspath
com.vaadin:vaadin-crud-testbench:24.7.3=testCompileClasspath,testRuntimeClasspath
com.vaadin:vaadin-custom-field-flow:24.7.3=compileClasspath,productionRuntimeClasspath,runtimeClasspath,testCompileClasspath,testRuntimeClasspath
com.vaadin:vaadin-custom-field-testbench:24.7.3=testCompileClasspath,testRuntimeClasspath
com.vaadin:vaadin-dashboard-flow:24.7.3=compileClasspath,productionRuntimeClasspath,runtimeClasspath,testCompileClasspath,testRuntimeClasspath
com.vaadin:vaadin-date-picker-flow:24.7.3=compileClasspath,productionRuntimeClasspath,runtimeClasspath,testCompileClasspath,testRuntimeClasspath
com.vaadin:vaadin-date-picker-testbench:24.7.3=testCompileClasspath,testRuntimeClasspath
com.vaadin:vaadin-date-time-picker-flow:24.7.3=compileClasspath,productionRuntimeClasspath,runtimeClasspath,testCompileClasspath,testRuntimeClasspath
com.vaadin:vaadin-date-time-picker-testbench:24.7.3=testCompileClasspath,testRuntimeClasspath
com.vaadin:vaadin-details-flow:24.7.3=compileClasspath,productionRuntimeClasspath,runtimeClasspath,testCompileClasspath,testRuntimeClasspath
com.vaadin:vaadin-details-testbench:24.7.3=testCompileClasspath,testRuntimeClasspath
com.vaadin:vaadin-dev-bundle:24.7.3=compileClasspath,productionRuntimeClasspath,runtimeClasspath,testCompileClasspath,testRuntimeClasspath
com.vaadin:vaadin-dev-server:24.7.5=compileClasspath,productionRuntimeClasspath,runtimeClasspath,testCompileClasspath,testRuntimeClasspath
com.vaadin:vaadin-dev:24.7.3=compileClasspath,productionRuntimeClasspath,runtimeClasspath,testCompileClasspath,testRuntimeClasspath
com.vaadin:vaadin-dialog-flow:24.7.3=compileClasspath,productionRuntimeClasspath,runtimeClasspath,testCompileClasspath,testRuntimeClasspath
com.vaadin:vaadin-dialog-testbench:24.7.3=testCompileClasspath,testRuntimeClasspath
com.vaadin:vaadin-field-highlighter-flow:24.7.3=compileClasspath,productionRuntimeClasspath,runtimeClasspath,testCompileClasspath,testRuntimeClasspath
com.vaadin:vaadin-flow-components-base:24.7.3=compileClasspath,productionRuntimeClasspath,runtimeClasspath,testCompileClasspath,testRuntimeClasspath
com.vaadin:vaadin-form-layout-flow:24.7.3=compileClasspath,productionRuntimeClasspath,runtimeClasspath,testCompileClasspath,testRuntimeClasspath
com.vaadin:vaadin-form-layout-testbench:24.7.3=testCompileClasspath,testRuntimeClasspath
com.vaadin:vaadin-grid-flow:24.7.3=compileClasspath,productionRuntimeClasspath,runtimeClasspath,testCompileClasspath,testRuntimeClasspath
com.vaadin:vaadin-grid-pro-flow:24.7.3=compileClasspath,productionRuntimeClasspath,runtimeClasspath,testCompileClasspath,testRuntimeClasspath
com.vaadin:vaadin-grid-pro-testbench:24.7.3=testCompileClasspath,testRuntimeClasspath
com.vaadin:vaadin-grid-testbench:24.7.3=testCompileClasspath,testRuntimeClasspath
com.vaadin:vaadin-icons-flow:24.7.3=compileClasspath,productionRuntimeClasspath,runtimeClasspath,testCompileClasspath,testRuntimeClasspath
com.vaadin:vaadin-icons-testbench:24.7.3=testCompileClasspath,testRuntimeClasspath
com.vaadin:vaadin-internal:24.7.3=compileClasspath,productionRuntimeClasspath,runtimeClasspath,testCompileClasspath,testRuntimeClasspath
com.vaadin:vaadin-list-box-flow:24.7.3=compileClasspath,productionRuntimeClasspath,runtimeClasspath,testCompileClasspath,testRuntimeClasspath
com.vaadin:vaadin-list-box-testbench:24.7.3=testCompileClasspath,testRuntimeClasspath
com.vaadin:vaadin-login-flow:24.7.3=compileClasspath,productionRuntimeClasspath,runtimeClasspath,testCompileClasspath,testRuntimeClasspath
com.vaadin:vaadin-login-testbench:24.7.3=testCompileClasspath,testRuntimeClasspath
com.vaadin:vaadin-lumo-theme:24.7.3=compileClasspath,productionRuntimeClasspath,runtimeClasspath,testCompileClasspath,testRuntimeClasspath
com.vaadin:vaadin-map-flow:24.7.3=compileClasspath,productionRuntimeClasspath,runtimeClasspath,testCompileClasspath,testRuntimeClasspath
com.vaadin:vaadin-material-theme:24.7.3=compileClasspath,productionRuntimeClasspath,runtimeClasspath,testCompileClasspath,testRuntimeClasspath
com.vaadin:vaadin-menu-bar-flow:24.7.3=compileClasspath,productionRuntimeClasspath,runtimeClasspath,testCompileClasspath,testRuntimeClasspath
com.vaadin:vaadin-menu-bar-testbench:24.7.3=testCompileClasspath,testRuntimeClasspath
com.vaadin:vaadin-messages-flow:24.7.3=compileClasspath,productionRuntimeClasspath,runtimeClasspath,testCompileClasspath,testRuntimeClasspath
com.vaadin:vaadin-messages-testbench:24.7.3=testCompileClasspath,testRuntimeClasspath
com.vaadin:vaadin-notification-flow:24.7.3=compileClasspath,productionRuntimeClasspath,runtimeClasspath,testCompileClasspath,testRuntimeClasspath
com.vaadin:vaadin-notification-testbench:24.7.3=testCompileClasspath,testRuntimeClasspath
com.vaadin:vaadin-ordered-layout-flow:24.7.3=compileClasspath,productionRuntimeClasspath,runtimeClasspath,testCompileClasspath,testRuntimeClasspath
com.vaadin:vaadin-ordered-layout-testbench:24.7.3=testCompileClasspath,testRuntimeClasspath
com.vaadin:vaadin-popover-flow:24.7.3=compileClasspath,productionRuntimeClasspath,runtimeClasspath,testCompileClasspath,testRuntimeClasspath
com.vaadin:vaadin-popover-testbench:24.7.3=testCompileClasspath,testRuntimeClasspath
com.vaadin:vaadin-progress-bar-flow:24.7.3=compileClasspath,productionRuntimeClasspath,runtimeClasspath,testCompileClasspath,testRuntimeClasspath
com.vaadin:vaadin-progress-bar-testbench:24.7.3=testCompileClasspath,testRuntimeClasspath
com.vaadin:vaadin-radio-button-flow:24.7.3=compileClasspath,productionRuntimeClasspath,runtimeClasspath,testCompileClasspath,testRuntimeClasspath
com.vaadin:vaadin-radio-button-testbench:24.7.3=testCompileClasspath,testRuntimeClasspath
com.vaadin:vaadin-renderer-flow:24.7.3=compileClasspath,productionRuntimeClasspath,runtimeClasspath,testCompileClasspath,testRuntimeClasspath
com.vaadin:vaadin-rich-text-editor-flow:24.7.3=compileClasspath,productionRuntimeClasspath,runtimeClasspath,testCompileClasspath,testRuntimeClasspath
com.vaadin:vaadin-rich-text-editor-testbench:24.7.3=testCompileClasspath,testRuntimeClasspath
com.vaadin:vaadin-select-flow:24.7.3=compileClasspath,productionRuntimeClasspath,runtimeClasspath,testCompileClasspath,testRuntimeClasspath
com.vaadin:vaadin-select-testbench:24.7.3=testCompileClasspath,testRuntimeClasspath
com.vaadin:vaadin-side-nav-flow:24.7.3=compileClasspath,productionRuntimeClasspath,runtimeClasspath,testCompileClasspath,testRuntimeClasspath
com.vaadin:vaadin-side-nav-testbench:24.7.3=testCompileClasspath,testRuntimeClasspath
com.vaadin:vaadin-split-layout-flow:24.7.3=compileClasspath,productionRuntimeClasspath,runtimeClasspath,testCompileClasspath,testRuntimeClasspath
com.vaadin:vaadin-split-layout-testbench:24.7.3=testCompileClasspath,testRuntimeClasspath
com.vaadin:vaadin-spring-boot-starter:24.7.3=compileClasspath,productionRuntimeClasspath,runtimeClasspath,testCompileClasspath,testRuntimeClasspath
com.vaadin:vaadin-spring:24.7.5=compileClasspath,productionRuntimeClasspath,runtimeClasspath,testCompileClasspath,testRuntimeClasspath
com.vaadin:vaadin-tabs-flow:24.7.3=compileClasspath,productionRuntimeClasspath,runtimeClasspath,testCompileClasspath,testRuntimeClasspath
com.vaadin:vaadin-tabs-testbench:24.7.3=testCompileClasspath,testRuntimeClasspath
com.vaadin:vaadin-testbench-core-junit5:9.3.11=testCompileClasspath,testRuntimeClasspath
com.vaadin:vaadin-testbench-junit5:24.7.3=testCompileClasspath,testRuntimeClasspath
com.vaadin:vaadin-testbench-shared:9.3.11=testCompileClasspath,testRuntimeClasspath
com.vaadin:vaadin-testbench-unit-junit5:9.3.11=testCompileClasspath,testRuntimeClasspath
com.vaadin:vaadin-testbench-unit-shared:9.3.11=testCompileClasspath,testRuntimeClasspath
com.vaadin:vaadin-text-field-flow:24.7.3=compileClasspath,productionRuntimeClasspath,runtimeClasspath,testCompileClasspath,testRuntimeClasspath
com.vaadin:vaadin-text-field-testbench:24.7.3=testCompileClasspath,testRuntimeClasspath
com.vaadin:vaadin-time-picker-flow:24.7.3=compileClasspath,productionRuntimeClasspath,runtimeClasspath,testCompileClasspath,testRuntimeClasspath
com.vaadin:vaadin-time-picker-testbench:24.7.3=testCompileClasspath,testRuntimeClasspath
com.vaadin:vaadin-upload-flow:24.7.3=compileClasspath,productionRuntimeClasspath,runtimeClasspath,testCompileClasspath,testRuntimeClasspath
com.vaadin:vaadin-upload-testbench:24.7.3=testCompileClasspath,testRuntimeClasspath
com.vaadin:vaadin-virtual-list-flow:24.7.3=compileClasspath,productionRuntimeClasspath,runtimeClasspath,testCompileClasspath,testRuntimeClasspath
com.vaadin:vaadin-virtual-list-testbench:24.7.3=testCompileClasspath,testRuntimeClasspath
com.vaadin:vaadin:24.7.3=compileClasspath,productionRuntimeClasspath,runtimeClasspath,testCompileClasspath,testRuntimeClasspath
com.zaxxer:HikariCP:6.3.1=compileClasspath,productionRuntimeClasspath,runtimeClasspath,testCompileClasspath,testRuntimeClasspath
commons-codec:commons-codec:1.18.0=compileClasspath,productionRuntimeClasspath,runtimeClasspath,testCompileClasspath,testRuntimeClasspath
commons-io:commons-io:2.19.0=compileClasspath,productionRuntimeClasspath,runtimeClasspath,testCompileClasspath,testRuntimeClasspath
io.github.bonigarcia:webdrivermanager:5.9.2=testCompileClasspath,testRuntimeClasspath
io.github.classgraph:classgraph:4.8.179=compileClasspath,productionRuntimeClasspath,runtimeClasspath,testCompileClasspath,testRuntimeClasspath
io.methvin:directory-watcher:0.18.0=compileClasspath,productionRuntimeClasspath,runtimeClasspath,testCompileClasspath,testRuntimeClasspath
io.micrometer:micrometer-commons:1.15.2=compileClasspath,developmentOnly,productionRuntimeClasspath,runtimeClasspath,testCompileClasspath,testRuntimeClasspath
io.micrometer:micrometer-observation:1.15.2=compileClasspath,developmentOnly,productionRuntimeClasspath,runtimeClasspath,testCompileClasspath,testRuntimeClasspath
io.netty:netty-all:4.1.123.Final=compileClasspath,productionRuntimeClasspath,runtimeClasspath,testCompileClasspath,testRuntimeClasspath
io.netty:netty-buffer:4.1.123.Final=compileClasspath,productionRuntimeClasspath,runtimeClasspath,testCompileClasspath,testRuntimeClasspath
io.netty:netty-codec-dns:4.1.123.Final=compileClasspath,productionRuntimeClasspath,runtimeClasspath,testCompileClasspath,testRuntimeClasspath
io.netty:netty-codec-haproxy:4.1.123.Final=compileClasspath,productionRuntimeClasspath,runtimeClasspath,testCompileClasspath,testRuntimeClasspath
io.netty:netty-codec-http2:4.1.123.Final=compileClasspath,productionRuntimeClasspath,runtimeClasspath,testCompileClasspath,testRuntimeClasspath
io.netty:netty-codec-http:4.1.123.Final=compileClasspath,productionRuntimeClasspath,runtimeClasspath,testCompileClasspath,testRuntimeClasspath
io.netty:netty-codec-memcache:4.1.123.Final=compileClasspath,productionRuntimeClasspath,runtimeClasspath,testCompileClasspath,testRuntimeClasspath
io.netty:netty-codec-mqtt:4.1.123.Final=compileClasspath,productionRuntimeClasspath,runtimeClasspath,testCompileClasspath,testRuntimeClasspath
io.netty:netty-codec-redis:4.1.123.Final=compileClasspath,productionRuntimeClasspath,runtimeClasspath,testCompileClasspath,testRuntimeClasspath
io.netty:netty-codec-smtp:4.1.123.Final=compileClasspath,productionRuntimeClasspath,runtimeClasspath,testCompileClasspath,testRuntimeClasspath
io.netty:netty-codec-socks:4.1.123.Final=compileClasspath,productionRuntimeClasspath,runtimeClasspath,testCompileClasspath,testRuntimeClasspath
io.netty:netty-codec-stomp:4.1.123.Final=compileClasspath,productionRuntimeClasspath,runtimeClasspath,testCompileClasspath,testRuntimeClasspath
io.netty:netty-codec-xml:4.1.123.Final=compileClasspath,productionRuntimeClasspath,runtimeClasspath,testCompileClasspath,testRuntimeClasspath
io.netty:netty-codec:4.1.123.Final=compileClasspath,productionRuntimeClasspath,runtimeClasspath,testCompileClasspath,testRuntimeClasspath
io.netty:netty-common:4.1.123.Final=compileClasspath,productionRuntimeClasspath,runtimeClasspath,testCompileClasspath,testRuntimeClasspath
io.netty:netty-handler-proxy:4.1.123.Final=compileClasspath,productionRuntimeClasspath,runtimeClasspath,testCompileClasspath,testRuntimeClasspath
io.netty:netty-handler-ssl-ocsp:4.1.123.Final=compileClasspath,productionRuntimeClasspath,runtimeClasspath,testCompileClasspath,testRuntimeClasspath
io.netty:netty-handler:4.1.123.Final=compileClasspath,productionRuntimeClasspath,runtimeClasspath,testCompileClasspath,testRuntimeClasspath
io.netty:netty-resolver-dns-classes-macos:4.1.123.Final=compileClasspath,productionRuntimeClasspath,runtimeClasspath,testCompileClasspath,testRuntimeClasspath
io.netty:netty-resolver-dns-native-macos:4.1.123.Final=compileClasspath,productionRuntimeClasspath,runtimeClasspath,testCompileClasspath,testRuntimeClasspath
io.netty:netty-resolver-dns:4.1.123.Final=compileClasspath,productionRuntimeClasspath,runtimeClasspath,testCompileClasspath,testRuntimeClasspath
io.netty:netty-resolver:4.1.123.Final=compileClasspath,productionRuntimeClasspath,runtimeClasspath,testCompileClasspath,testRuntimeClasspath
io.netty:netty-transport-classes-epoll:4.1.123.Final=compileClasspath,productionRuntimeClasspath,runtimeClasspath,testCompileClasspath,testRuntimeClasspath
io.netty:netty-transport-classes-kqueue:4.1.123.Final=compileClasspath,productionRuntimeClasspath,runtimeClasspath,testCompileClasspath,testRuntimeClasspath
io.netty:netty-transport-native-epoll:4.1.123.Final=compileClasspath,productionRuntimeClasspath,runtimeClasspath,testCompileClasspath,testRuntimeClasspath
io.netty:netty-transport-native-kqueue:4.1.123.Final=productionRuntimeClasspath,runtimeClasspath,testRuntimeClasspath
io.netty:netty-transport-native-unix-common:4.1.123.Final=compileClasspath,productionRuntimeClasspath,runtimeClasspath,testCompileClasspath,testRuntimeClasspath
io.netty:netty-transport-rxtx:4.1.123.Final=compileClasspath,productionRuntimeClasspath,runtimeClasspath,testCompileClasspath,testRuntimeClasspath
io.netty:netty-transport-sctp:4.1.123.Final=compileClasspath,productionRuntimeClasspath,runtimeClasspath,testCompileClasspath,testRuntimeClasspath
io.netty:netty-transport-udt:4.1.123.Final=compileClasspath,productionRuntimeClasspath,runtimeClasspath,testCompileClasspath,testRuntimeClasspath
io.netty:netty-transport:4.1.123.Final=compileClasspath,productionRuntimeClasspath,runtimeClasspath,testCompileClasspath,testRuntimeClasspath
io.opentelemetry:opentelemetry-api:1.49.0=testCompileClasspath,testRuntimeClasspath
io.opentelemetry:opentelemetry-context:1.49.0=testCompileClasspath,testRuntimeClasspath
io.opentelemetry:opentelemetry-exporter-logging:1.49.0=testCompileClasspath,testRuntimeClasspath
io.opentelemetry:opentelemetry-sdk-common:1.49.0=testCompileClasspath,testRuntimeClasspath
io.opentelemetry:opentelemetry-sdk-extension-autoconfigure-spi:1.49.0=testCompileClasspath,testRuntimeClasspath
io.opentelemetry:opentelemetry-sdk-extension-autoconfigure:1.49.0=testCompileClasspath,testRuntimeClasspath
io.opentelemetry:opentelemetry-sdk-logs:1.49.0=testCompileClasspath,testRuntimeClasspath
io.opentelemetry:opentelemetry-sdk-metrics:1.49.0=testCompileClasspath,testRuntimeClasspath
io.opentelemetry:opentelemetry-sdk-trace:1.49.0=testCompileClasspath,testRuntimeClasspath
io.opentelemetry:opentelemetry-sdk:1.49.0=testCompileClasspath,testRuntimeClasspath
io.projectreactor.netty:reactor-netty-core:1.2.8=compileClasspath,productionRuntimeClasspath,runtimeClasspath,testCompileClasspath,testRuntimeClasspath
io.projectreactor.netty:reactor-netty-http:1.2.8=compileClasspath,productionRuntimeClasspath,runtimeClasspath,testCompileClasspath,testRuntimeClasspath
io.projectreactor.netty:reactor-netty:1.2.8=compileClasspath,productionRuntimeClasspath,runtimeClasspath,testCompileClasspath,testRuntimeClasspath
io.projectreactor:reactor-core:3.7.8=compileClasspath,productionRuntimeClasspath,runtimeClasspath,testCompileClasspath,testRuntimeClasspath
io.smallrye:jandex:3.2.0=productionRuntimeClasspath,runtimeClasspath,testRuntimeClasspath
io.swagger.core.v3:swagger-annotations:2.2.28=compileClasspath,productionRuntimeClasspath,runtimeClasspath,testCompileClasspath,testRuntimeClasspath
io.swagger.core.v3:swagger-core:2.2.28=compileClasspath,productionRuntimeClasspath,runtimeClasspath,testCompileClasspath,testRuntimeClasspath
io.swagger.core.v3:swagger-models:2.2.28=compileClasspath,productionRuntimeClasspath,runtimeClasspath,testCompileClasspath,testRuntimeClasspath
jakarta.activation:jakarta.activation-api:2.1.3=compileClasspath,productionRuntimeClasspath,runtimeClasspath,testCompileClasspath,testRuntimeClasspath
jakarta.annotation:jakarta.annotation-api:2.1.1=compileClasspath,productionRuntimeClasspath,runtimeClasspath,testCompileClasspath,testRuntimeClasspath
jakarta.inject:jakarta.inject-api:2.0.1=productionRuntimeClasspath,runtimeClasspath,testRuntimeClasspath
jakarta.persistence:jakarta.persistence-api:3.1.0=compileClasspath,productionRuntimeClasspath,runtimeClasspath,testCompileClasspath,testRuntimeClasspath
jakarta.servlet:jakarta.servlet-api:6.0.0=testCompileClasspath,testRuntimeClasspath
jakarta.transaction:jakarta.transaction-api:2.0.1=compileClasspath,productionRuntimeClasspath,runtimeClasspath,testCompileClasspath,testRuntimeClasspath
jakarta.validation:jakarta.validation-api:3.0.2=compileClasspath,productionRuntimeClasspath,runtimeClasspath,testCompileClasspath,testRuntimeClasspath
jakarta.xml.bind:jakarta.xml.bind-api:4.0.2=compileClasspath,productionRuntimeClasspath,runtimeClasspath,testCompileClasspath,testRuntimeClasspath
junit:junit:4.13.2=testCompileClasspath,testRuntimeClasspath
net.bytebuddy:byte-buddy-agent:1.17.6=testCompileClasspath,testRuntimeClasspath
net.bytebuddy:byte-buddy:1.17.6=productionRuntimeClasspath,runtimeClasspath,testCompileClasspath,testRuntimeClasspath
net.java.dev.jna:jna-platform:5.15.0=compileClasspath,productionRuntimeClasspath,runtimeClasspath,testCompileClasspath,testRuntimeClasspath
net.java.dev.jna:jna:5.15.0=compileClasspath,productionRuntimeClasspath,runtimeClasspath,testCompileClasspath,testRuntimeClasspath
net.minidev:accessors-smart:2.5.2=testCompileClasspath,testRuntimeClasspath
net.minidev:json-smart:2.5.2=testCompileClasspath,testRuntimeClasspath
org.antlr:antlr4-runtime:4.13.0=compileClasspath,productionRuntimeClasspath,runtimeClasspath,testCompileClasspath,testRuntimeClasspath
org.apache.commons:commons-compress:1.27.1=compileClasspath,productionRuntimeClasspath,runtimeClasspath,testCompileClasspath,testRuntimeClasspath
org.apache.commons:commons-configuration2:2.11.0=compileClasspath,productionRuntimeClasspath,runtimeClasspath,testCompileClasspath,testRuntimeClasspath
org.apache.commons:commons-exec:1.4.0=testCompileClasspath,testRuntimeClasspath
org.apache.commons:commons-fileupload2-core:2.0.0-M1=compileClasspath,productionRuntimeClasspath,runtimeClasspath,testCompileClasspath,testRuntimeClasspath
org.apache.commons:commons-fileupload2-jakarta:2.0.0-M1=compileClasspath,productionRuntimeClasspath,runtimeClasspath,testCompileClasspath,testRuntimeClasspath
org.apache.commons:commons-lang3:3.14.0=compileClasspath,productionRuntimeClasspath,runtimeClasspath,testCompileClasspath,testRuntimeClasspath
org.apache.commons:commons-text:1.12.0=compileClasspath,productionRuntimeClasspath,runtimeClasspath,testCompileClasspath,testRuntimeClasspath
org.apache.httpcomponents.client5:httpclient5:5.5=testCompileClasspath,testRuntimeClasspath
org.apache.httpcomponents.core5:httpcore5-h2:5.3.4=testCompileClasspath,testRuntimeClasspath
org.apache.httpcomponents.core5:httpcore5:5.3.4=testCompileClasspath,testRuntimeClasspath
org.apache.logging.log4j:log4j-api:2.24.3=compileClasspath,productionRuntimeClasspath,runtimeClasspath,testCompileClasspath,testRuntimeClasspath
org.apache.logging.log4j:log4j-to-slf4j:2.24.3=compileClasspath,productionRuntimeClasspath,runtimeClasspath,testCompileClasspath,testRuntimeClasspath
org.apache.tomcat.embed:tomcat-embed-core:10.1.43=compileClasspath,productionRuntimeClasspath,runtimeClasspath,testCompileClasspath,testRuntimeClasspath
org.apache.tomcat.embed:tomcat-embed-el:10.1.43=compileClasspath,productionRuntimeClasspath,runtimeClasspath,testCompileClasspath,testRuntimeClasspath
org.apache.tomcat.embed:tomcat-embed-websocket:10.1.43=compileClasspath,productionRuntimeClasspath,runtimeClasspath,testCompileClasspath,testRuntimeClasspath
org.apiguardian:apiguardian-api:1.1.2=testCompileClasspath
org.aspectj:aspectjweaver:1.9.24=compileClasspath,productionRuntimeClasspath,runtimeClasspath,testCompileClasspath,testRuntimeClasspath
org.assertj:assertj-core:3.26.0=testCompileClasspath,testRuntimeClasspath
org.awaitility:awaitility:4.2.2=testCompileClasspath,testRuntimeClasspath
org.brotli:dec:0.1.2=testCompileClasspath,testRuntimeClasspath
org.checkerframework:checker-qual:3.45.0=compileClasspath,productionRuntimeClasspath,runtimeClasspath,testCompileClasspath,testRuntimeClasspath
org.eclipse.angus:angus-activation:2.0.2=productionRuntimeClasspath,runtimeClasspath,testRuntimeClasspath
org.flywaydb:flyway-core:11.7.2=compileClasspath,productionRuntimeClasspath,runtimeClasspath,testCompileClasspath,testRuntimeClasspath
org.flywaydb:flyway-database-postgresql:11.7.2=compileClasspath,productionRuntimeClasspath,runtimeClasspath,testCompileClasspath,testRuntimeClasspath
org.glassfish.jaxb:jaxb-core:4.0.5=productionRuntimeClasspath,runtimeClasspath,testRuntimeClasspath
org.glassfish.jaxb:jaxb-runtime:4.0.5=productionRuntimeClasspath,runtimeClasspath,testRuntimeClasspath
org.glassfish.jaxb:txw2:4.0.5=productionRuntimeClasspath,runtimeClasspath,testRuntimeClasspath
org.hamcrest:hamcrest-core:3.0=testCompileClasspath,testRuntimeClasspath
org.hamcrest:hamcrest:3.0=testCompileClasspath,testRuntimeClasspath
org.hibernate.common:hibernate-commons-annotations:7.0.3.Final=productionRuntimeClasspath,runtimeClasspath,testRuntimeClasspath
org.hibernate.orm:hibernate-core:6.6.22.Final=compileClasspath,productionRuntimeClasspath,runtimeClasspath,testCompileClasspath,testRuntimeClasspath
org.hibernate.validator:hibernate-validator:8.0.2.Final=compileClasspath,productionRuntimeClasspath,runtimeClasspath,testCompileClasspath,testRuntimeClasspath
org.jacoco:org.jacoco.agent:0.8.12=jacocoAgent,jacocoAnt
org.jacoco:org.jacoco.ant:0.8.12=jacocoAnt
org.jacoco:org.jacoco.core:0.8.12=jacocoAnt
org.jacoco:org.jacoco.report:0.8.12=jacocoAnt
org.javassist:javassist:3.30.2-GA=compileClasspath,productionRuntimeClasspath,runtimeClasspath,testCompileClasspath,testRuntimeClasspath
org.jboss.logging:jboss-logging:3.6.1.Final=compileClasspath,productionRuntimeClasspath,runtimeClasspath,testCompileClasspath,testRuntimeClasspath
org.jetbrains.kotlin:kotlin-reflect:1.9.25=testCompileClasspath,testRuntimeClasspath
org.jetbrains.kotlin:kotlin-stdlib-jdk7:1.9.25=testCompileClasspath,testRuntimeClasspath
org.jetbrains.kotlin:kotlin-stdlib-jdk8:1.9.25=testCompileClasspath,testRuntimeClasspath
org.jetbrains.kotlin:kotlin-stdlib:1.9.25=testCompileClasspath,testRuntimeClasspath
org.jetbrains:annotations:17.0.0=testCompileClasspath,testRuntimeClasspath
org.jsoup:jsoup:1.18.3=compileClasspath,productionRuntimeClasspath,runtimeClasspath,testCompileClasspath,testRuntimeClasspath
org.jspecify:jspecify:1.0.0=compileClasspath,productionRuntimeClasspath,runtimeClasspath,testCompileClasspath,testRuntimeClasspath
org.junit.jupiter:junit-jupiter-api:5.12.2=testCompileClasspath,testRuntimeClasspath
org.junit.jupiter:junit-jupiter-engine:5.12.2=testRuntimeClasspath
org.junit.jupiter:junit-jupiter-params:5.12.2=testCompileClasspath,testRuntimeClasspath
org.junit.jupiter:junit-jupiter:5.12.2=testCompileClasspath,testRuntimeClasspath
org.junit.platform:junit-platform-commons:1.12.2=testCompileClasspath,testRuntimeClasspath
org.junit.platform:junit-platform-engine:1.12.2=testCompileClasspath,testRuntimeClasspath
org.junit.platform:junit-platform-launcher:1.12.2=testRuntimeClasspath
org.junit:junit-bom:5.12.2=testCompileClasspath,testRuntimeClasspath
org.lucee:jcip-annotations:1.0.0=compileClasspath,productionRuntimeClasspath,runtimeClasspath,testCompileClasspath,testRuntimeClasspath
org.mockito:mockito-core:5.12.0=testCompileClasspath,testRuntimeClasspath
org.mockito:mockito-junit-jupiter:5.17.0=testCompileClasspath,testRuntimeClasspath
org.objenesis:objenesis:3.3=testRuntimeClasspath
org.opentest4j:opentest4j:1.3.0=testCompileClasspath,testRuntimeClasspath
org.ow2.asm:asm-commons:9.8=jacocoAnt
org.ow2.asm:asm-tree:9.8=jacocoAnt
org.ow2.asm:asm:9.8=compileClasspath,jacocoAnt,productionRuntimeClasspath,runtimeClasspath,testCompileClasspath,testRuntimeClasspath
org.parttio:line-awesome:2.1.0=compileClasspath,productionRuntimeClasspath,runtimeClasspath,testCompileClasspath,testRuntimeClasspath
org.postgresql:postgresql:42.7.7=productionRuntimeClasspath,runtimeClasspath,testRuntimeClasspath
org.reactivestreams:reactive-streams:1.0.4=compileClasspath,productionRuntimeClasspath,runtimeClasspath,testCompileClasspath,testRuntimeClasspath
org.reflections:reflections:0.10.2=compileClasspath,productionRuntimeClasspath,runtimeClasspath,testCompileClasspath,testRuntimeClasspath
org.rnorth.duct-tape:duct-tape:1.0.8=testCompileClasspath,testRuntimeClasspath
org.seleniumhq.selenium:selenium-api:4.30.0=testCompileClasspath,testRuntimeClasspath
org.seleniumhq.selenium:selenium-chrome-driver:4.30.0=testCompileClasspath,testRuntimeClasspath
org.seleniumhq.selenium:selenium-chromium-driver:4.30.0=testCompileClasspath,testRuntimeClasspath
org.seleniumhq.selenium:selenium-devtools-v132:4.30.0=testCompileClasspath,testRuntimeClasspath
org.seleniumhq.selenium:selenium-devtools-v133:4.30.0=testCompileClasspath,testRuntimeClasspath
org.seleniumhq.selenium:selenium-devtools-v134:4.30.0=testCompileClasspath,testRuntimeClasspath
org.seleniumhq.selenium:selenium-edge-driver:4.30.0=testCompileClasspath,testRuntimeClasspath
org.seleniumhq.selenium:selenium-firefox-driver:4.30.0=testCompileClasspath,testRuntimeClasspath
org.seleniumhq.selenium:selenium-http:4.30.0=testCompileClasspath,testRuntimeClasspath
org.seleniumhq.selenium:selenium-ie-driver:4.30.0=testCompileClasspath,testRuntimeClasspath
org.seleniumhq.selenium:selenium-java:4.30.0=testCompileClasspath,testRuntimeClasspath
org.seleniumhq.selenium:selenium-json:4.30.0=testCompileClasspath,testRuntimeClasspath
org.seleniumhq.selenium:selenium-manager:4.30.0=testCompileClasspath,testRuntimeClasspath
org.seleniumhq.selenium:selenium-os:4.30.0=testCompileClasspath,testRuntimeClasspath
org.seleniumhq.selenium:selenium-remote-driver:4.30.0=testCompileClasspath,testRuntimeClasspath
org.seleniumhq.selenium:selenium-safari-driver:4.30.0=testCompileClasspath,testRuntimeClasspath
org.seleniumhq.selenium:selenium-support:4.30.0=testCompileClasspath,testRuntimeClasspath
org.skyscreamer:jsonassert:1.5.3=testCompileClasspath,testRuntimeClasspath
org.slf4j:jcl-over-slf4j:2.0.11=testCompileClasspath,testRuntimeClasspath
org.slf4j:jul-to-slf4j:2.0.11=compileClasspath,productionRuntimeClasspath,runtimeClasspath,testCompileClasspath,testRuntimeClasspath
org.slf4j:slf4j-api:2.0.11=compileClasspath,productionRuntimeClasspath,runtimeClasspath,testCompileClasspath,testRuntimeClasspath
org.springframework.boot:spring-boot-autoconfigure:3.5.4=compileClasspath,developmentOnly,productionRuntimeClasspath,runtimeClasspath,testCompileClasspath,testRuntimeClasspath
org.springframework.boot:spring-boot-devtools:3.5.4=developmentOnly,runtimeClasspath
org.springframework.boot:spring-boot-starter-data-jpa:3.5.4=compileClasspath,productionRuntimeClasspath,runtimeClasspath,testCompileClasspath,testRuntimeClasspath
org.springframework.boot:spring-boot-starter-jdbc:3.5.4=compileClasspath,productionRuntimeClasspath,runtimeClasspath,testCompileClasspath,testRuntimeClasspath
org.springframework.boot:spring-boot-starter-json:3.5.4=compileClasspath,productionRuntimeClasspath,runtimeClasspath,testCompileClasspath,testRuntimeClasspath
org.springframework.boot:spring-boot-starter-logging:3.5.4=compileClasspath,productionRuntimeClasspath,runtimeClasspath,testCompileClasspath,testRuntimeClasspath
org.springframework.boot:spring-boot-starter-security:3.5.4=compileClasspath,productionRuntimeClasspath,runtimeClasspath,testCompileClasspath,testRuntimeClasspath
org.springframework.boot:spring-boot-starter-test:3.5.4=testCompileClasspath,testRuntimeClasspath
org.springframework.boot:spring-boot-starter-tomcat:3.5.4=compileClasspath,productionRuntimeClasspath,runtimeClasspath,testCompileClasspath,testRuntimeClasspath
org.springframework.boot:spring-boot-starter-validation:3.5.4=compileClasspath,productionRuntimeClasspath,runtimeClasspath,testCompileClasspath,testRuntimeClasspath
org.springframework.boot:spring-boot-starter-web:3.5.4=compileClasspath,productionRuntimeClasspath,runtimeClasspath,testCompileClasspath,testRuntimeClasspath
org.springframework.boot:spring-boot-starter:3.5.4=compileClasspath,productionRuntimeClasspath,runtimeClasspath,testCompileClasspath,testRuntimeClasspath
org.springframework.boot:spring-boot-test-autoconfigure:3.5.4=testCompileClasspath,testRuntimeClasspath
org.springframework.boot:spring-boot-test:3.5.4=testCompileClasspath,testRuntimeClasspath
org.springframework.boot:spring-boot:3.5.4=compileClasspath,developmentOnly,productionRuntimeClasspath,runtimeClasspath,testCompileClasspath,testRuntimeClasspath
org.springframework.data:spring-data-commons:3.5.2=compileClasspath,productionRuntimeClasspath,runtimeClasspath,testCompileClasspath,testRuntimeClasspath
org.springframework.data:spring-data-jpa:3.5.2=compileClasspath,productionRuntimeClasspath,runtimeClasspath,testCompileClasspath,testRuntimeClasspath
org.springframework.security:spring-security-config:6.5.2=compileClasspath,productionRuntimeClasspath,runtimeClasspath,testCompileClasspath,testRuntimeClasspath
org.springframework.security:spring-security-core:6.5.2=compileClasspath,productionRuntimeClasspath,runtimeClasspath,testCompileClasspath,testRuntimeClasspath
org.springframework.security:spring-security-crypto:6.5.2=compileClasspath,productionRuntimeClasspath,runtimeClasspath,testCompileClasspath,testRuntimeClasspath
org.springframework.security:spring-security-test:6.5.2=testCompileClasspath,testRuntimeClasspath
org.springframework.security:spring-security-web:6.5.2=compileClasspath,productionRuntimeClasspath,runtimeClasspath,testCompileClasspath,testRuntimeClasspath
org.springframework:spring-aop:6.2.9=compileClasspath,developmentOnly,productionRuntimeClasspath,runtimeClasspath,testCompileClasspath,testRuntimeClasspath
org.springframework:spring-aspects:6.2.9=compileClasspath,productionRuntimeClasspath,runtimeClasspath,testCompileClasspath,testRuntimeClasspath
org.springframework:spring-beans:6.2.9=compileClasspath,developmentOnly,productionRuntimeClasspath,runtimeClasspath,testCompileClasspath,testRuntimeClasspath
org.springframework:spring-context:6.2.9=compileClasspath,developmentOnly,productionRuntimeClasspath,runtimeClasspath,testCompileClasspath,testRuntimeClasspath
org.springframework:spring-core:6.2.9=compileClasspath,developmentOnly,productionRuntimeClasspath,runtimeClasspath,testCompileClasspath,testRuntimeClasspath
org.springframework:spring-expression:6.2.9=compileClasspath,developmentOnly,productionRuntimeClasspath,runtimeClasspath,testCompileClasspath,testRuntimeClasspath
org.springframework:spring-jcl:6.2.9=compileClasspath,developmentOnly,productionRuntimeClasspath,runtimeClasspath,testCompileClasspath,testRuntimeClasspath
org.springframework:spring-jdbc:6.2.9=compileClasspath,productionRuntimeClasspath,runtimeClasspath,testCompileClasspath,testRuntimeClasspath
org.springframework:spring-orm:6.2.9=compileClasspath,productionRuntimeClasspath,runtimeClasspath,testCompileClasspath,testRuntimeClasspath
org.springframework:spring-test:6.2.9=testCompileClasspath,testRuntimeClasspath
org.springframework:spring-tx:6.2.9=compileClasspath,productionRuntimeClasspath,runtimeClasspath,testCompileClasspath,testRuntimeClasspath
org.springframework:spring-web:6.2.9=compileClasspath,productionRuntimeClasspath,runtimeClasspath,testCompileClasspath,testRuntimeClasspath
org.springframework:spring-webmvc:6.2.9=compileClasspath,productionRuntimeClasspath,runtimeClasspath,testCompileClasspath,testRuntimeClasspath
org.springframework:spring-websocket:6.2.9=compileClasspath,productionRuntimeClasspath,runtimeClasspath,testCompileClasspath,testRuntimeClasspath
org.testcontainers:database-commons:1.20.1=testCompileClasspath,testRuntimeClasspath
org.testcontainers:jdbc:1.20.1=testCompileClasspath,testRuntimeClasspath
org.testcontainers:junit-jupiter:1.20.1=testCompileClasspath,testRuntimeClasspath
org.testcontainers:postgresql:1.20.1=testCompileClasspath,testRuntimeClasspath
org.testcontainers:testcontainers:1.20.1=testCompileClasspath,testRuntimeClasspath
org.xmlunit:xmlunit-core:2.10.3=testCompileClasspath,testRuntimeClasspath
org.yaml:snakeyaml:2.4=compileClasspath,productionRuntimeClasspath,runtimeClasspath,testCompileClasspath,testRuntimeClasspath
empty=annotationProcessor,testAndDevelopmentOnly,testAnnotationProcessor
